// !$*UTF8*$!
{
	archiveVersion = 1;
	classes = {
	};
	objectVersion = 56;
	objects = {

/* Begin PBXBuildFile section */
		857B413D2C740EFF0079838F /* Sample_2App.swift in Sources */ = {isa = PBXBuildFile; fileRef = 857B413C2C740EFF0079838F /* Sample_2App.swift */; };
		857B413F2C740EFF0079838F /* ContentView.swift in Sources */ = {isa = PBXBuildFile; fileRef = 857B413E2C740EFF0079838F /* ContentView.swift */; };
		857B41412C740F010079838F /* Assets.xcassets in Resources */ = {isa = PBXBuildFile; fileRef = 857B41402C740F010079838F /* Assets.xcassets */; };
		857B41442C740F010079838F /* Preview Assets.xcassets in Resources */ = {isa = PBXBuildFile; fileRef = 857B41432C740F010079838F /* Preview Assets.xcassets */; };
		857B414E2C740F010079838F /* Sample_2Tests.swift in Sources */ = {isa = PBXBuildFile; fileRef = 857B414D2C740F010079838F /* Sample_2Tests.swift */; };
		857B41582C740F010079838F /* Sample_2UITests.swift in Sources */ = {isa = PBXBuildFile; fileRef = 857B41572C740F010079838F /* Sample_2UITests.swift */; };
		857B415A2C740F010079838F /* Sample_2UITestsLaunchTests.swift in Sources */ = {isa = PBXBuildFile; fileRef = 857B41592C740F010079838F /* Sample_2UITestsLaunchTests.swift */; };
/* End PBXBuildFile section */

/* Begin PBXContainerItemProxy section */
		857B414A2C740F010079838F /* PBXContainerItemProxy */ = {
			isa = PBXContainerItemProxy;
			containerPortal = 857B41312C740EFF0079838F /* Project object */;
			proxyType = 1;
			remoteGlobalIDString = 857B41382C740EFF0079838F;
			remoteInfo = Sample_2;
		};
		857B41542C740F010079838F /* PBXContainerItemProxy */ = {
			isa = PBXContainerItemProxy;
			containerPortal = 857B41312C740EFF0079838F /* Project object */;
			proxyType = 1;
			remoteGlobalIDString = 857B41382C740EFF0079838F;
			remoteInfo = Sample_2;
		};
/* End PBXContainerItemProxy section */

/* Begin PBXFileReference section */
		857B41392C740EFF0079838F /* Sample_2.app */ = {isa = PBXFileReference; explicitFileType = wrapper.application; includeInIndex = 0; path = Sample_2.app; sourceTree = BUILT_PRODUCTS_DIR; };
		857B413C2C740EFF0079838F /* Sample_2App.swift */ = {isa = PBXFileReference; lastKnownFileType = sourcecode.swift; path = Sample_2App.swift; sourceTree = "<group>"; };
		857B413E2C740EFF0079838F /* ContentView.swift */ = {isa = PBXFileReference; lastKnownFileType = sourcecode.swift; path = ContentView.swift; sourceTree = "<group>"; };
		857B41402C740F010079838F /* Assets.xcassets */ = {isa = PBXFileReference; lastKnownFileType = folder.assetcatalog; path = Assets.xcassets; sourceTree = "<group>"; };
		857B41432C740F010079838F /* Preview Assets.xcassets */ = {isa = PBXFileReference; lastKnownFileType = folder.assetcatalog; path = "Preview Assets.xcassets"; sourceTree = "<group>"; };
		857B41492C740F010079838F /* Sample_2Tests.xctest */ = {isa = PBXFileReference; explicitFileType = wrapper.cfbundle; includeInIndex = 0; path = Sample_2Tests.xctest; sourceTree = BUILT_PRODUCTS_DIR; };
		857B414D2C740F010079838F /* Sample_2Tests.swift */ = {isa = PBXFileReference; lastKnownFileType = sourcecode.swift; path = Sample_2Tests.swift; sourceTree = "<group>"; };
		857B41532C740F010079838F /* Sample_2UITests.xctest */ = {isa = PBXFileReference; explicitFileType = wrapper.cfbundle; includeInIndex = 0; path = Sample_2UITests.xctest; sourceTree = BUILT_PRODUCTS_DIR; };
		857B41572C740F010079838F /* Sample_2UITests.swift */ = {isa = PBXFileReference; lastKnownFileType = sourcecode.swift; path = Sample_2UITests.swift; sourceTree = "<group>"; };
		857B41592C740F010079838F /* Sample_2UITestsLaunchTests.swift */ = {isa = PBXFileReference; lastKnownFileType = sourcecode.swift; path = Sample_2UITestsLaunchTests.swift; sourceTree = "<group>"; };
/* End PBXFileReference section */

/* Begin PBXFrameworksBuildPhase section */
		857B41362C740EFF0079838F /* Frameworks */ = {
			isa = PBXFrameworksBuildPhase;
			buildActionMask = 2147483647;
			files = (
			);
			runOnlyForDeploymentPostprocessing = 0;
		};
		857B41462C740F010079838F /* Frameworks */ = {
			isa = PBXFrameworksBuildPhase;
			buildActionMask = 2147483647;
			files = (
			);
			runOnlyForDeploymentPostprocessing = 0;
		};
		857B41502C740F010079838F /* Frameworks */ = {
			isa = PBXFrameworksBuildPhase;
			buildActionMask = 2147483647;
			files = (
			);
			runOnlyForDeploymentPostprocessing = 0;
		};
/* End PBXFrameworksBuildPhase section */

/* Begin PBXGroup section */
		857B41302C740EFF0079838F = {
			isa = PBXGroup;
			children = (
				857B413B2C740EFF0079838F /* Sample_2 */,
				857B414C2C740F010079838F /* Sample_2Tests */,
				857B41562C740F010079838F /* Sample_2UITests */,
				857B413A2C740EFF0079838F /* Products */,
			);
			sourceTree = "<group>";
		};
		857B413A2C740EFF0079838F /* Products */ = {
			isa = PBXGroup;
			children = (
				857B41392C740EFF0079838F /* Sample_2.app */,
				857B41492C740F010079838F /* Sample_2Tests.xctest */,
				857B41532C740F010079838F /* Sample_2UITests.xctest */,
			);
			name = Products;
			sourceTree = "<group>";
		};
		857B413B2C740EFF0079838F /* Sample_2 */ = {
			isa = PBXGroup;
			children = (
				857B413C2C740EFF0079838F /* Sample_2App.swift */,
				857B413E2C740EFF0079838F /* ContentView.swift */,
				857B41402C740F010079838F /* Assets.xcassets */,
				857B41422C740F010079838F /* Preview Content */,
			);
			path = Sample_2;
			sourceTree = "<group>";
		};
		857B41422C740F010079838F /* Preview Content */ = {
			isa = PBXGroup;
			children = (
				857B41432C740F010079838F /* Preview Assets.xcassets */,
			);
			path = "Preview Content";
			sourceTree = "<group>";
		};
		857B414C2C740F010079838F /* Sample_2Tests */ = {
			isa = PBXGroup;
			children = (
				857B414D2C740F010079838F /* Sample_2Tests.swift */,
			);
			path = Sample_2Tests;
			sourceTree = "<group>";
		};
		857B41562C740F010079838F /* Sample_2UITests */ = {
			isa = PBXGroup;
			children = (
				857B41572C740F010079838F /* Sample_2UITests.swift */,
				857B41592C740F010079838F /* Sample_2UITestsLaunchTests.swift */,
			);
			path = Sample_2UITests;
			sourceTree = "<group>";
		};
/* End PBXGroup section */

/* Begin PBXNativeTarget section */
		857B41382C740EFF0079838F /* Sample_2 */ = {
			isa = PBXNativeTarget;
			buildConfigurationList = 857B415D2C740F010079838F /* Build configuration list for PBXNativeTarget "Sample_2" */;
			buildPhases = (
				857B41352C740EFF0079838F /* Sources */,
				857B41362C740EFF0079838F /* Frameworks */,
				857B41372C740EFF0079838F /* Resources */,
			);
			buildRules = (
			);
			dependencies = (
			);
			name = Sample_2;
			productName = Sample_2;
			productReference = 857B41392C740EFF0079838F /* Sample_2.app */;
			productType = "com.apple.product-type.application";
		};
		857B41482C740F010079838F /* Sample_2Tests */ = {
			isa = PBXNativeTarget;
			buildConfigurationList = 857B41602C740F010079838F /* Build configuration list for PBXNativeTarget "Sample_2Tests" */;
			buildPhases = (
				857B41452C740F010079838F /* Sources */,
				857B41462C740F010079838F /* Frameworks */,
				857B41472C740F010079838F /* Resources */,
			);
			buildRules = (
			);
			dependencies = (
				857B414B2C740F010079838F /* PBXTargetDependency */,
			);
			name = Sample_2Tests;
			productName = Sample_2Tests;
			productReference = 857B41492C740F010079838F /* Sample_2Tests.xctest */;
			productType = "com.apple.product-type.bundle.unit-test";
		};
		857B41522C740F010079838F /* Sample_2UITests */ = {
			isa = PBXNativeTarget;
			buildConfigurationList = 857B41632C740F010079838F /* Build configuration list for PBXNativeTarget "Sample_2UITests" */;
			buildPhases = (
				857B414F2C740F010079838F /* Sources */,
				857B41502C740F010079838F /* Frameworks */,
				857B41512C740F010079838F /* Resources */,
			);
			buildRules = (
			);
			dependencies = (
				857B41552C740F010079838F /* PBXTargetDependency */,
			);
			name = Sample_2UITests;
			productName = Sample_2UITests;
			productReference = 857B41532C740F010079838F /* Sample_2UITests.xctest */;
			productType = "com.apple.product-type.bundle.ui-testing";
		};
/* End PBXNativeTarget section */

/* Begin PBXProject section */
		857B41312C740EFF0079838F /* Project object */ = {
			isa = PBXProject;
			attributes = {
				BuildIndependentTargetsInParallel = 1;
				LastSwiftUpdateCheck = 1540;
				LastUpgradeCheck = 1540;
				TargetAttributes = {
					857B41382C740EFF0079838F = {
						CreatedOnToolsVersion = 15.4;
					};
					857B41482C740F010079838F = {
						CreatedOnToolsVersion = 15.4;
						TestTargetID = 857B41382C740EFF0079838F;
					};
					857B41522C740F010079838F = {
						CreatedOnToolsVersion = 15.4;
						TestTargetID = 857B41382C740EFF0079838F;
					};
				};
			};
			buildConfigurationList = 857B41342C740EFF0079838F /* Build configuration list for PBXProject "Sample_2" */;
			compatibilityVersion = "Xcode 14.0";
			developmentRegion = en;
			hasScannedForEncodings = 0;
			knownRegions = (
				en,
				Base,
			);
			mainGroup = 857B41302C740EFF0079838F;
			productRefGroup = 857B413A2C740EFF0079838F /* Products */;
			projectDirPath = "";
			projectRoot = "";
			targets = (
				857B41382C740EFF0079838F /* Sample_2 */,
				857B41482C740F010079838F /* Sample_2Tests */,
				857B41522C740F010079838F /* Sample_2UITests */,
			);
		};
/* End PBXProject section */

/* Begin PBXResourcesBuildPhase section */
		857B41372C740EFF0079838F /* Resources */ = {
			isa = PBXResourcesBuildPhase;
			buildActionMask = 2147483647;
			files = (
				857B41442C740F010079838F /* Preview Assets.xcassets in Resources */,
				857B41412C740F010079838F /* Assets.xcassets in Resources */,
			);
			runOnlyForDeploymentPostprocessing = 0;
		};
		857B41472C740F010079838F /* Resources */ = {
			isa = PBXResourcesBuildPhase;
			buildActionMask = 2147483647;
			files = (
			);
			runOnlyForDeploymentPostprocessing = 0;
		};
		857B41512C740F010079838F /* Resources */ = {
			isa = PBXResourcesBuildPhase;
			buildActionMask = 2147483647;
			files = (
			);
			runOnlyForDeploymentPostprocessing = 0;
		};
/* End PBXResourcesBuildPhase section */

/* Begin PBXSourcesBuildPhase section */
		857B41352C740EFF0079838F /* Sources */ = {
			isa = PBXSourcesBuildPhase;
			buildActionMask = 2147483647;
			files = (
				857B413F2C740EFF0079838F /* ContentView.swift in Sources */,
				857B413D2C740EFF0079838F /* Sample_2App.swift in Sources */,
			);
			runOnlyForDeploymentPostprocessing = 0;
		};
		857B41452C740F010079838F /* Sources */ = {
			isa = PBXSourcesBuildPhase;
			buildActionMask = 2147483647;
			files = (
				857B414E2C740F010079838F /* Sample_2Tests.swift in Sources */,
			);
			runOnlyForDeploymentPostprocessing = 0;
		};
		857B414F2C740F010079838F /* Sources */ = {
			isa = PBXSourcesBuildPhase;
			buildActionMask = 2147483647;
			files = (
				857B415A2C740F010079838F /* Sample_2UITestsLaunchTests.swift in Sources */,
				857B41582C740F010079838F /* Sample_2UITests.swift in Sources */,
			);
			runOnlyForDeploymentPostprocessing = 0;
		};
/* End PBXSourcesBuildPhase section */

/* Begin PBXTargetDependency section */
		857B414B2C740F010079838F /* PBXTargetDependency */ = {
			isa = PBXTargetDependency;
			target = 857B41382C740EFF0079838F /* Sample_2 */;
			targetProxy = 857B414A2C740F010079838F /* PBXContainerItemProxy */;
		};
		857B41552C740F010079838F /* PBXTargetDependency */ = {
			isa = PBXTargetDependency;
			target = 857B41382C740EFF0079838F /* Sample_2 */;
			targetProxy = 857B41542C740F010079838F /* PBXContainerItemProxy */;
		};
/* End PBXTargetDependency section */

/* Begin XCBuildConfiguration section */
		857B415B2C740F010079838F /* Debug */ = {
			isa = XCBuildConfiguration;
			buildSettings = {
				ALWAYS_SEARCH_USER_PATHS = NO;
				ASSETCATALOG_COMPILER_GENERATE_SWIFT_ASSET_SYMBOL_EXTENSIONS = YES;
				CLANG_ANALYZER_NONNULL = YES;
				CLANG_ANALYZER_NUMBER_OBJECT_CONVERSION = YES_AGGRESSIVE;
				CLANG_CXX_LANGUAGE_STANDARD = "gnu++20";
				CLANG_ENABLE_MODULES = YES;
				CLANG_ENABLE_OBJC_ARC = YES;
				CLANG_ENABLE_OBJC_WEAK = YES;
				CLANG_WARN_BLOCK_CAPTURE_AUTORELEASING = YES;
				CLANG_WARN_BOOL_CONVERSION = YES;
				CLANG_WARN_COMMA = YES;
				CLANG_WARN_CONSTANT_CONVERSION = YES;
				CLANG_WARN_DEPRECATED_OBJC_IMPLEMENTATIONS = YES;
				CLANG_WARN_DIRECT_OBJC_ISA_USAGE = YES_ERROR;
				CLANG_WARN_DOCUMENTATION_COMMENTS = YES;
				CLANG_WARN_EMPTY_BODY = YES;
				CLANG_WARN_ENUM_CONVERSION = YES;
				CLANG_WARN_INFINITE_RECURSION = YES;
				CLANG_WARN_INT_CONVERSION = YES;
				CLANG_WARN_NON_LITERAL_NULL_CONVERSION = YES;
				CLANG_WARN_OBJC_IMPLICIT_RETAIN_SELF = YES;
				CLANG_WARN_OBJC_LITERAL_CONVERSION = YES;
				CLANG_WARN_OBJC_ROOT_CLASS = YES_ERROR;
				CLANG_WARN_QUOTED_INCLUDE_IN_FRAMEWORK_HEADER = YES;
				CLANG_WARN_RANGE_LOOP_ANALYSIS = YES;
				CLANG_WARN_STRICT_PROTOTYPES = YES;
				CLANG_WARN_SUSPICIOUS_MOVE = YES;
				CLANG_WARN_UNGUARDED_AVAILABILITY = YES_AGGRESSIVE;
				CLANG_WARN_UNREACHABLE_CODE = YES;
				CLANG_WARN__DUPLICATE_METHOD_MATCH = YES;
				COPY_PHASE_STRIP = NO;
				DEBUG_INFORMATION_FORMAT = dwarf;
				ENABLE_STRICT_OBJC_MSGSEND = YES;
				ENABLE_TESTABILITY = YES;
				ENABLE_USER_SCRIPT_SANDBOXING = YES;
				GCC_C_LANGUAGE_STANDARD = gnu17;
				GCC_DYNAMIC_NO_PIC = NO;
				GCC_NO_COMMON_BLOCKS = YES;
				GCC_OPTIMIZATION_LEVEL = 0;
				GCC_PREPROCESSOR_DEFINITIONS = (
					"DEBUG=1",
					"$(inherited)",
				);
				GCC_WARN_64_TO_32_BIT_CONVERSION = YES;
				GCC_WARN_ABOUT_RETURN_TYPE = YES_ERROR;
				GCC_WARN_UNDECLARED_SELECTOR = YES;
				GCC_WARN_UNINITIALIZED_AUTOS = YES_AGGRESSIVE;
				GCC_WARN_UNUSED_FUNCTION = YES;
				GCC_WARN_UNUSED_VARIABLE = YES;
				IPHONEOS_DEPLOYMENT_TARGET = 17.5;
				LOCALIZATION_PREFERS_STRING_CATALOGS = YES;
				MTL_ENABLE_DEBUG_INFO = INCLUDE_SOURCE;
				MTL_FAST_MATH = YES;
				ONLY_ACTIVE_ARCH = YES;
				SDKROOT = iphoneos;
				SWIFT_ACTIVE_COMPILATION_CONDITIONS = "DEBUG $(inherited)";
				SWIFT_OPTIMIZATION_LEVEL = "-Onone";
			};
			name = Debug;
		};
		857B415C2C740F010079838F /* Release */ = {
			isa = XCBuildConfiguration;
			buildSettings = {
				ALWAYS_SEARCH_USER_PATHS = NO;
				ASSETCATALOG_COMPILER_GENERATE_SWIFT_ASSET_SYMBOL_EXTENSIONS = YES;
				CLANG_ANALYZER_NONNULL = YES;
				CLANG_ANALYZER_NUMBER_OBJECT_CONVERSION = YES_AGGRESSIVE;
				CLANG_CXX_LANGUAGE_STANDARD = "gnu++20";
				CLANG_ENABLE_MODULES = YES;
				CLANG_ENABLE_OBJC_ARC = YES;
				CLANG_ENABLE_OBJC_WEAK = YES;
				CLANG_WARN_BLOCK_CAPTURE_AUTORELEASING = YES;
				CLANG_WARN_BOOL_CONVERSION = YES;
				CLANG_WARN_COMMA = YES;
				CLANG_WARN_CONSTANT_CONVERSION = YES;
				CLANG_WARN_DEPRECATED_OBJC_IMPLEMENTATIONS = YES;
				CLANG_WARN_DIRECT_OBJC_ISA_USAGE = YES_ERROR;
				CLANG_WARN_DOCUMENTATION_COMMENTS = YES;
				CLANG_WARN_EMPTY_BODY = YES;
				CLANG_WARN_ENUM_CONVERSION = YES;
				CLANG_WARN_INFINITE_RECURSION = YES;
				CLANG_WARN_INT_CONVERSION = YES;
				CLANG_WARN_NON_LITERAL_NULL_CONVERSION = YES;
				CLANG_WARN_OBJC_IMPLICIT_RETAIN_SELF = YES;
				CLANG_WARN_OBJC_LITERAL_CONVERSION = YES;
				CLANG_WARN_OBJC_ROOT_CLASS = YES_ERROR;
				CLANG_WARN_QUOTED_INCLUDE_IN_FRAMEWORK_HEADER = YES;
				CLANG_WARN_RANGE_LOOP_ANALYSIS = YES;
				CLANG_WARN_STRICT_PROTOTYPES = YES;
				CLANG_WARN_SUSPICIOUS_MOVE = YES;
				CLANG_WARN_UNGUARDED_AVAILABILITY = YES_AGGRESSIVE;
				CLANG_WARN_UNREACHABLE_CODE = YES;
				CLANG_WARN__DUPLICATE_METHOD_MATCH = YES;
				COPY_PHASE_STRIP = NO;
				DEBUG_INFORMATION_FORMAT = "dwarf-with-dsym";
				ENABLE_NS_ASSERTIONS = NO;
				ENABLE_STRICT_OBJC_MSGSEND = YES;
				ENABLE_USER_SCRIPT_SANDBOXING = YES;
				GCC_C_LANGUAGE_STANDARD = gnu17;
				GCC_NO_COMMON_BLOCKS = YES;
				GCC_WARN_64_TO_32_BIT_CONVERSION = YES;
				GCC_WARN_ABOUT_RETURN_TYPE = YES_ERROR;
				GCC_WARN_UNDECLARED_SELECTOR = YES;
				GCC_WARN_UNINITIALIZED_AUTOS = YES_AGGRESSIVE;
				GCC_WARN_UNUSED_FUNCTION = YES;
				GCC_WARN_UNUSED_VARIABLE = YES;
				IPHONEOS_DEPLOYMENT_TARGET = 17.5;
				LOCALIZATION_PREFERS_STRING_CATALOGS = YES;
				MTL_ENABLE_DEBUG_INFO = NO;
				MTL_FAST_MATH = YES;
				SDKROOT = iphoneos;
				SWIFT_COMPILATION_MODE = wholemodule;
				VALIDATE_PRODUCT = YES;
			};
			name = Release;
		};
		857B415E2C740F010079838F /* Debug */ = {
			isa = XCBuildConfiguration;
			buildSettings = {
				ASSETCATALOG_COMPILER_APPICON_NAME = AppIcon;
				ASSETCATALOG_COMPILER_GLOBAL_ACCENT_COLOR_NAME = AccentColor;
				CODE_SIGN_STYLE = Automatic;
				CURRENT_PROJECT_VERSION = 1;
				DEVELOPMENT_ASSET_PATHS = "\"Sample_2/Preview Content\"";
				DEVELOPMENT_TEAM = 3KY5LD7B9M;
				ENABLE_PREVIEWS = YES;
				GENERATE_INFOPLIST_FILE = YES;
				INFOPLIST_KEY_UIApplicationSceneManifest_Generation = YES;
				INFOPLIST_KEY_UIApplicationSupportsIndirectInputEvents = YES;
				INFOPLIST_KEY_UILaunchScreen_Generation = YES;
				INFOPLIST_KEY_UISupportedInterfaceOrientations_iPad = "UIInterfaceOrientationPortrait UIInterfaceOrientationPortraitUpsideDown UIInterfaceOrientationLandscapeLeft UIInterfaceOrientationLandscapeRight";
				INFOPLIST_KEY_UISupportedInterfaceOrientations_iPhone = "UIInterfaceOrientationPortrait UIInterfaceOrientationLandscapeLeft UIInterfaceOrientationLandscapeRight";
				LD_RUNPATH_SEARCH_PATHS = (
					"$(inherited)",
					"@executable_path/Frameworks",
				);
				MARKETING_VERSION = 1.0;
				PRODUCT_BUNDLE_IDENTIFIER = "com.test.Sample-2";
				PRODUCT_NAME = "$(TARGET_NAME)";
				SWIFT_EMIT_LOC_STRINGS = YES;
				SWIFT_VERSION = 5.0;
				TARGETED_DEVICE_FAMILY = "1,2";
			};
			name = Debug;
		};
		857B415F2C740F010079838F /* Release */ = {
			isa = XCBuildConfiguration;
			buildSettings = {
				ASSETCATALOG_COMPILER_APPICON_NAME = AppIcon;
				ASSETCATALOG_COMPILER_GLOBAL_ACCENT_COLOR_NAME = AccentColor;
				CODE_SIGN_STYLE = Automatic;
				CURRENT_PROJECT_VERSION = 1;
				DEVELOPMENT_ASSET_PATHS = "\"Sample_2/Preview Content\"";
				DEVELOPMENT_TEAM = 3KY5LD7B9M;
				ENABLE_PREVIEWS = YES;
				GENERATE_INFOPLIST_FILE = YES;
				INFOPLIST_KEY_UIApplicationSceneManifest_Generation = YES;
				INFOPLIST_KEY_UIApplicationSupportsIndirectInputEvents = YES;
				INFOPLIST_KEY_UILaunchScreen_Generation = YES;
				INFOPLIST_KEY_UISupportedInterfaceOrientations_iPad = "UIInterfaceOrientationPortrait UIInterfaceOrientationPortraitUpsideDown UIInterfaceOrientationLandscapeLeft UIInterfaceOrientationLandscapeRight";
				INFOPLIST_KEY_UISupportedInterfaceOrientations_iPhone = "UIInterfaceOrientationPortrait UIInterfaceOrientationLandscapeLeft UIInterfaceOrientationLandscapeRight";
				LD_RUNPATH_SEARCH_PATHS = (
					"$(inherited)",
					"@executable_path/Frameworks",
				);
				MARKETING_VERSION = 1.0;
				PRODUCT_BUNDLE_IDENTIFIER = "com.test.Sample-2";
				PRODUCT_NAME = "$(TARGET_NAME)";
				SWIFT_EMIT_LOC_STRINGS = YES;
				SWIFT_VERSION = 5.0;
				TARGETED_DEVICE_FAMILY = "1,2";
			};
			name = Release;
		};
		857B41612C740F010079838F /* Debug */ = {
			isa = XCBuildConfiguration;
			buildSettings = {
				ALWAYS_EMBED_SWIFT_STANDARD_LIBRARIES = YES;
				BUNDLE_LOADER = "$(TEST_HOST)";
				CODE_SIGN_STYLE = Automatic;
				CURRENT_PROJECT_VERSION = 1;
				DEVELOPMENT_TEAM = 3KY5LD7B9M;
				GENERATE_INFOPLIST_FILE = YES;
				IPHONEOS_DEPLOYMENT_TARGET = 17.5;
				MARKETING_VERSION = 1.0;
				PRODUCT_BUNDLE_IDENTIFIER = "com.test.Sample-2Tests";
				PRODUCT_NAME = "$(TARGET_NAME)";
				SWIFT_EMIT_LOC_STRINGS = NO;
				SWIFT_VERSION = 5.0;
				TARGETED_DEVICE_FAMILY = "1,2";
				TEST_HOST = "$(BUILT_PRODUCTS_DIR)/Sample_2.app/$(BUNDLE_EXECUTABLE_FOLDER_PATH)/Sample_2";
			};
			name = Debug;
		};
		857B41622C740F010079838F /* Release */ = {
			isa = XCBuildConfiguration;
			buildSettings = {
				ALWAYS_EMBED_SWIFT_STANDARD_LIBRARIES = YES;
				BUNDLE_LOADER = "$(TEST_HOST)";
				CODE_SIGN_STYLE = Automatic;
				CURRENT_PROJECT_VERSION = 1;
				DEVELOPMENT_TEAM = 3KY5LD7B9M;
				GENERATE_INFOPLIST_FILE = YES;
				IPHONEOS_DEPLOYMENT_TARGET = 17.5;
				MARKETING_VERSION = 1.0;
				PRODUCT_BUNDLE_IDENTIFIER = "com.test.Sample-2Tests";
				PRODUCT_NAME = "$(TARGET_NAME)";
				SWIFT_EMIT_LOC_STRINGS = NO;
				SWIFT_VERSION = 5.0;
				TARGETED_DEVICE_FAMILY = "1,2";
				TEST_HOST = "$(BUILT_PRODUCTS_DIR)/Sample_2.app/$(BUNDLE_EXECUTABLE_FOLDER_PATH)/Sample_2";
			};
			name = Release;
		};
		857B41642C740F010079838F /* Debug */ = {
			isa = XCBuildConfiguration;
			buildSettings = {
				ALWAYS_EMBED_SWIFT_STANDARD_LIBRARIES = YES;
				CODE_SIGN_STYLE = Automatic;
				CURRENT_PROJECT_VERSION = 1;
				DEVELOPMENT_TEAM = 3KY5LD7B9M;
				GENERATE_INFOPLIST_FILE = YES;
				MARKETING_VERSION = 1.0;
				PRODUCT_BUNDLE_IDENTIFIER = "com.test.Sample-2UITests";
				PRODUCT_NAME = "$(TARGET_NAME)";
				SWIFT_EMIT_LOC_STRINGS = NO;
				SWIFT_VERSION = 5.0;
				TARGETED_DEVICE_FAMILY = "1,2";
				TEST_TARGET_NAME = Sample_2;
			};
			name = Debug;
		};
		857B41652C740F010079838F /* Release */ = {
			isa = XCBuildConfiguration;
			buildSettings = {
				ALWAYS_EMBED_SWIFT_STANDARD_LIBRARIES = YES;
				CODE_SIGN_STYLE = Automatic;
				CURRENT_PROJECT_VERSION = 1;
				DEVELOPMENT_TEAM = 3KY5LD7B9M;
				GENERATE_INFOPLIST_FILE = YES;
				MARKETING_VERSION = 1.0;
				PRODUCT_BUNDLE_IDENTIFIER = "com.test.Sample-2UITests";
				PRODUCT_NAME = "$(TARGET_NAME)";
				SWIFT_EMIT_LOC_STRINGS = NO;
				SWIFT_VERSION = 5.0;
				TARGETED_DEVICE_FAMILY = "1,2";
				TEST_TARGET_NAME = Sample_2;
			};
			name = Release;
		};
/* End XCBuildConfiguration section */

/* Begin XCConfigurationList section */
		857B41342C740EFF0079838F /* Build configuration list for PBXProject "Sample_2" */ = {
			isa = XCConfigurationList;
			buildConfigurations = (
				857B415B2C740F010079838F /* Debug */,
				857B415C2C740F010079838F /* Release */,
			);
			defaultConfigurationIsVisible = 0;
			defaultConfigurationName = Release;
		};
		857B415D2C740F010079838F /* Build configuration list for PBXNativeTarget "Sample_2" */ = {
			isa = XCConfigurationList;
			buildConfigurations = (
				857B415E2C740F010079838F /* Debug */,
				857B415F2C740F010079838F /* Release */,
			);
			defaultConfigurationIsVisible = 0;
			defaultConfigurationName = Release;
		};
		857B41602C740F010079838F /* Build configuration list for PBXNativeTarget "Sample_2Tests" */ = {
			isa = XCConfigurationList;
			buildConfigurations = (
				857B41612C740F010079838F /* Debug */,
				857B41622C740F010079838F /* Release */,
			);
			defaultConfigurationIsVisible = 0;
			defaultConfigurationName = Release;
		};
		857B41632C740F010079838F /* Build configuration list for PBXNativeTarget "Sample_2UITests" */ = {
			isa = XCConfigurationList;
			buildConfigurations = (
				857B41642C740F010079838F /* Debug */,
				857B41652C740F010079838F /* Release */,
			);
			defaultConfigurationIsVisible = 0;
			defaultConfigurationName = Release;
		};
/* End XCConfigurationList section */
	};
	rootObject = 857B41312C740EFF0079838F /* Project object */;
}
